// !$*UTF8*$!
{
	archiveVersion = 1;
	classes = {
	};
	objectVersion = 46;
	objects = {

/* Begin PBXBuildFile section */
		D90F04A31AE5337C00BF02AF /* LoginViewController.m in Sources */ = {isa = PBXBuildFile; fileRef = D90F04A21AE5337C00BF02AF /* LoginViewController.m */; };
		D936697D1AE27281000BBD1B /* CenterDetailViewController.m in Sources */ = {isa = PBXBuildFile; fileRef = D936697C1AE27281000BBD1B /* CenterDetailViewController.m */; };
		D944CE771ADEEFC1005879D1 /* main.m in Sources */ = {isa = PBXBuildFile; fileRef = D944CE761ADEEFC1005879D1 /* main.m */; };
		D944CE7A1ADEEFC1005879D1 /* AppDelegate.m in Sources */ = {isa = PBXBuildFile; fileRef = D944CE791ADEEFC1005879D1 /* AppDelegate.m */; };
		D944CE801ADEEFC1005879D1 /* Main.storyboard in Resources */ = {isa = PBXBuildFile; fileRef = D944CE7E1ADEEFC1005879D1 /* Main.storyboard */; };
		D944CE851ADEEFC1005879D1 /* LaunchScreen.xib in Resources */ = {isa = PBXBuildFile; fileRef = D944CE831ADEEFC1005879D1 /* LaunchScreen.xib */; };
		D944CE911ADEEFC1005879D1 /* Yebimom_iOSTests.m in Sources */ = {isa = PBXBuildFile; fileRef = D944CE901ADEEFC1005879D1 /* Yebimom_iOSTests.m */; };
		D9973FBC1AE4C79B000576C2 /* SWRevealViewController.m in Sources */ = {isa = PBXBuildFile; fileRef = D9973FBB1AE4C79B000576C2 /* SWRevealViewController.m */; };
		D9973FC01AE4C88C000576C2 /* Images.xcassets in Resources */ = {isa = PBXBuildFile; fileRef = D9973FBF1AE4C88C000576C2 /* Images.xcassets */; };
		D9AE7FAD1ADFA7F400DBD974 /* CenterTableViewController.m in Sources */ = {isa = PBXBuildFile; fileRef = D9AE7FAC1ADFA7F400DBD974 /* CenterTableViewController.m */; };
		D9AE7FB01ADFA97600DBD974 /* CenterTableViewCell.m in Sources */ = {isa = PBXBuildFile; fileRef = D9AE7FAF1ADFA97600DBD974 /* CenterTableViewCell.m */; };
		D9AE7FB41ADFCCD000DBD974 /* miz-center.png in Resources */ = {isa = PBXBuildFile; fileRef = D9AE7FB31ADFCCD000DBD974 /* miz-center.png */; };
/* End PBXBuildFile section */

/* Begin PBXContainerItemProxy section */
		D944CE8B1ADEEFC1005879D1 /* PBXContainerItemProxy */ = {
			isa = PBXContainerItemProxy;
			containerPortal = D944CE691ADEEFC1005879D1 /* Project object */;
			proxyType = 1;
			remoteGlobalIDString = D944CE701ADEEFC1005879D1;
			remoteInfo = "Yebimom-iOS";
		};
/* End PBXContainerItemProxy section */

/* Begin PBXFileReference section */
		D90F04A11AE5337C00BF02AF /* LoginViewController.h */ = {isa = PBXFileReference; fileEncoding = 4; lastKnownFileType = sourcecode.c.h; path = LoginViewController.h; sourceTree = "<group>"; };
		D90F04A21AE5337C00BF02AF /* LoginViewController.m */ = {isa = PBXFileReference; fileEncoding = 4; lastKnownFileType = sourcecode.c.objc; path = LoginViewController.m; sourceTree = "<group>"; };
		D936697B1AE27281000BBD1B /* CenterDetailViewController.h */ = {isa = PBXFileReference; fileEncoding = 4; lastKnownFileType = sourcecode.c.h; path = CenterDetailViewController.h; sourceTree = "<group>"; };
		D936697C1AE27281000BBD1B /* CenterDetailViewController.m */ = {isa = PBXFileReference; fileEncoding = 4; lastKnownFileType = sourcecode.c.objc; path = CenterDetailViewController.m; sourceTree = "<group>"; };
		D944CE711ADEEFC1005879D1 /* Yebimom-iOS.app */ = {isa = PBXFileReference; explicitFileType = wrapper.application; includeInIndex = 0; path = "Yebimom-iOS.app"; sourceTree = BUILT_PRODUCTS_DIR; };
		D944CE751ADEEFC1005879D1 /* Info.plist */ = {isa = PBXFileReference; lastKnownFileType = text.plist.xml; path = Info.plist; sourceTree = "<group>"; };
		D944CE761ADEEFC1005879D1 /* main.m */ = {isa = PBXFileReference; lastKnownFileType = sourcecode.c.objc; path = main.m; sourceTree = "<group>"; };
		D944CE781ADEEFC1005879D1 /* AppDelegate.h */ = {isa = PBXFileReference; lastKnownFileType = sourcecode.c.h; path = AppDelegate.h; sourceTree = "<group>"; };
		D944CE791ADEEFC1005879D1 /* AppDelegate.m */ = {isa = PBXFileReference; lastKnownFileType = sourcecode.c.objc; path = AppDelegate.m; sourceTree = "<group>"; };
		D944CE7F1ADEEFC1005879D1 /* Base */ = {isa = PBXFileReference; lastKnownFileType = file.storyboard; name = Base; path = Base.lproj/Main.storyboard; sourceTree = "<group>"; };
		D944CE841ADEEFC1005879D1 /* Base */ = {isa = PBXFileReference; lastKnownFileType = file.xib; name = Base; path = Base.lproj/LaunchScreen.xib; sourceTree = "<group>"; };
		D944CE8A1ADEEFC1005879D1 /* Yebimom-iOSTests.xctest */ = {isa = PBXFileReference; explicitFileType = wrapper.cfbundle; includeInIndex = 0; path = "Yebimom-iOSTests.xctest"; sourceTree = BUILT_PRODUCTS_DIR; };
		D944CE8F1ADEEFC1005879D1 /* Info.plist */ = {isa = PBXFileReference; lastKnownFileType = text.plist.xml; path = Info.plist; sourceTree = "<group>"; };
		D944CE901ADEEFC1005879D1 /* Yebimom_iOSTests.m */ = {isa = PBXFileReference; lastKnownFileType = sourcecode.c.objc; path = Yebimom_iOSTests.m; sourceTree = "<group>"; };
		D9973FBA1AE4C79B000576C2 /* SWRevealViewController.h */ = {isa = PBXFileReference; fileEncoding = 4; lastKnownFileType = sourcecode.c.h; path = SWRevealViewController.h; sourceTree = "<group>"; };
		D9973FBB1AE4C79B000576C2 /* SWRevealViewController.m */ = {isa = PBXFileReference; fileEncoding = 4; lastKnownFileType = sourcecode.c.objc; path = SWRevealViewController.m; sourceTree = "<group>"; };
		D9973FBF1AE4C88C000576C2 /* Images.xcassets */ = {isa = PBXFileReference; lastKnownFileType = folder.assetcatalog; path = Images.xcassets; sourceTree = "<group>"; };
		D9AE7FAB1ADFA7F400DBD974 /* CenterTableViewController.h */ = {isa = PBXFileReference; fileEncoding = 4; lastKnownFileType = sourcecode.c.h; path = CenterTableViewController.h; sourceTree = "<group>"; };
		D9AE7FAC1ADFA7F400DBD974 /* CenterTableViewController.m */ = {isa = PBXFileReference; fileEncoding = 4; lastKnownFileType = sourcecode.c.objc; path = CenterTableViewController.m; sourceTree = "<group>"; };
		D9AE7FAE1ADFA97600DBD974 /* CenterTableViewCell.h */ = {isa = PBXFileReference; fileEncoding = 4; lastKnownFileType = sourcecode.c.h; path = CenterTableViewCell.h; sourceTree = "<group>"; };
		D9AE7FAF1ADFA97600DBD974 /* CenterTableViewCell.m */ = {isa = PBXFileReference; fileEncoding = 4; lastKnownFileType = sourcecode.c.objc; path = CenterTableViewCell.m; sourceTree = "<group>"; };
		D9AE7FB31ADFCCD000DBD974 /* miz-center.png */ = {isa = PBXFileReference; lastKnownFileType = image.png; path = "miz-center.png"; sourceTree = "<group>"; };
/* End PBXFileReference section */

/* Begin PBXFrameworksBuildPhase section */
		D944CE6E1ADEEFC1005879D1 /* Frameworks */ = {
			isa = PBXFrameworksBuildPhase;
			buildActionMask = 2147483647;
			files = (
			);
			runOnlyForDeploymentPostprocessing = 0;
		};
		D944CE871ADEEFC1005879D1 /* Frameworks */ = {
			isa = PBXFrameworksBuildPhase;
			buildActionMask = 2147483647;
			files = (
			);
			runOnlyForDeploymentPostprocessing = 0;
		};
/* End PBXFrameworksBuildPhase section */

/* Begin PBXGroup section */
		D944CE681ADEEFC1005879D1 = {
			isa = PBXGroup;
			children = (
				D944CE731ADEEFC1005879D1 /* Yebimom-iOS */,
				D944CE8D1ADEEFC1005879D1 /* Yebimom-iOSTests */,
				D944CE721ADEEFC1005879D1 /* Products */,
			);
			sourceTree = "<group>";
		};
		D944CE721ADEEFC1005879D1 /* Products */ = {
			isa = PBXGroup;
			children = (
				D944CE711ADEEFC1005879D1 /* Yebimom-iOS.app */,
				D944CE8A1ADEEFC1005879D1 /* Yebimom-iOSTests.xctest */,
			);
			name = Products;
			sourceTree = "<group>";
		};
		D944CE731ADEEFC1005879D1 /* Yebimom-iOS */ = {
			isa = PBXGroup;
			children = (
				D9973FB91AE4C79B000576C2 /* SWRevealViewController */,
				D9AE7FAE1ADFA97600DBD974 /* CenterTableViewCell.h */,
				D9AE7FAF1ADFA97600DBD974 /* CenterTableViewCell.m */,
				D936697B1AE27281000BBD1B /* CenterDetailViewController.h */,
				D936697C1AE27281000BBD1B /* CenterDetailViewController.m */,
				D9AE7FAB1ADFA7F400DBD974 /* CenterTableViewController.h */,
				D9AE7FAC1ADFA7F400DBD974 /* CenterTableViewController.m */,
				D90F04A11AE5337C00BF02AF /* LoginViewController.h */,
				D90F04A21AE5337C00BF02AF /* LoginViewController.m */,
				D944CE781ADEEFC1005879D1 /* AppDelegate.h */,
				D944CE791ADEEFC1005879D1 /* AppDelegate.m */,
				D944CE7E1ADEEFC1005879D1 /* Main.storyboard */,
				D944CE831ADEEFC1005879D1 /* LaunchScreen.xib */,
				D944CE741ADEEFC1005879D1 /* Supporting Files */,
			);
			path = "Yebimom-iOS";
			sourceTree = "<group>";
		};
		D944CE741ADEEFC1005879D1 /* Supporting Files */ = {
			isa = PBXGroup;
			children = (
				D9973FBF1AE4C88C000576C2 /* Images.xcassets */,
				D9AE7FB31ADFCCD000DBD974 /* miz-center.png */,
				D944CE751ADEEFC1005879D1 /* Info.plist */,
				D944CE761ADEEFC1005879D1 /* main.m */,
			);
			name = "Supporting Files";
			sourceTree = "<group>";
		};
		D944CE8D1ADEEFC1005879D1 /* Yebimom-iOSTests */ = {
			isa = PBXGroup;
			children = (
				D944CE901ADEEFC1005879D1 /* Yebimom_iOSTests.m */,
				D944CE8E1ADEEFC1005879D1 /* Supporting Files */,
			);
			path = "Yebimom-iOSTests";
			sourceTree = "<group>";
		};
		D944CE8E1ADEEFC1005879D1 /* Supporting Files */ = {
			isa = PBXGroup;
			children = (
				D944CE8F1ADEEFC1005879D1 /* Info.plist */,
			);
			name = "Supporting Files";
			sourceTree = "<group>";
		};
		D9973FB91AE4C79B000576C2 /* SWRevealViewController */ = {
			isa = PBXGroup;
			children = (
				D9973FBA1AE4C79B000576C2 /* SWRevealViewController.h */,
				D9973FBB1AE4C79B000576C2 /* SWRevealViewController.m */,
			);
			path = SWRevealViewController;
			sourceTree = "<group>";
		};
/* End PBXGroup section */

/* Begin PBXNativeTarget section */
		D944CE701ADEEFC1005879D1 /* Yebimom-iOS */ = {
			isa = PBXNativeTarget;
			buildConfigurationList = D944CE941ADEEFC1005879D1 /* Build configuration list for PBXNativeTarget "Yebimom-iOS" */;
			buildPhases = (
				D944CE6D1ADEEFC1005879D1 /* Sources */,
				D944CE6E1ADEEFC1005879D1 /* Frameworks */,
				D944CE6F1ADEEFC1005879D1 /* Resources */,
			);
			buildRules = (
			);
			dependencies = (
			);
			name = "Yebimom-iOS";
			productName = "Yebimom-iOS";
			productReference = D944CE711ADEEFC1005879D1 /* Yebimom-iOS.app */;
			productType = "com.apple.product-type.application";
		};
		D944CE891ADEEFC1005879D1 /* Yebimom-iOSTests */ = {
			isa = PBXNativeTarget;
			buildConfigurationList = D944CE971ADEEFC1005879D1 /* Build configuration list for PBXNativeTarget "Yebimom-iOSTests" */;
			buildPhases = (
				D944CE861ADEEFC1005879D1 /* Sources */,
				D944CE871ADEEFC1005879D1 /* Frameworks */,
				D944CE881ADEEFC1005879D1 /* Resources */,
			);
			buildRules = (
			);
			dependencies = (
				D944CE8C1ADEEFC1005879D1 /* PBXTargetDependency */,
			);
			name = "Yebimom-iOSTests";
			productName = "Yebimom-iOSTests";
			productReference = D944CE8A1ADEEFC1005879D1 /* Yebimom-iOSTests.xctest */;
			productType = "com.apple.product-type.bundle.unit-test";
		};
/* End PBXNativeTarget section */

/* Begin PBXProject section */
		D944CE691ADEEFC1005879D1 /* Project object */ = {
			isa = PBXProject;
			attributes = {
				LastUpgradeCheck = 0630;
				ORGANIZATIONNAME = wikibootup;
				TargetAttributes = {
					D944CE701ADEEFC1005879D1 = {
						CreatedOnToolsVersion = 6.3;
					};
					D944CE891ADEEFC1005879D1 = {
						CreatedOnToolsVersion = 6.3;
						TestTargetID = D944CE701ADEEFC1005879D1;
					};
				};
			};
			buildConfigurationList = D944CE6C1ADEEFC1005879D1 /* Build configuration list for PBXProject "Yebimom-iOS" */;
			compatibilityVersion = "Xcode 3.2";
			developmentRegion = English;
			hasScannedForEncodings = 0;
			knownRegions = (
				en,
				Base,
			);
			mainGroup = D944CE681ADEEFC1005879D1;
			productRefGroup = D944CE721ADEEFC1005879D1 /* Products */;
			projectDirPath = "";
			projectRoot = "";
			targets = (
				D944CE701ADEEFC1005879D1 /* Yebimom-iOS */,
				D944CE891ADEEFC1005879D1 /* Yebimom-iOSTests */,
			);
		};
/* End PBXProject section */

/* Begin PBXResourcesBuildPhase section */
		D944CE6F1ADEEFC1005879D1 /* Resources */ = {
			isa = PBXResourcesBuildPhase;
			buildActionMask = 2147483647;
			files = (
				D944CE801ADEEFC1005879D1 /* Main.storyboard in Resources */,
				D9973FC01AE4C88C000576C2 /* Images.xcassets in Resources */,
				D944CE851ADEEFC1005879D1 /* LaunchScreen.xib in Resources */,
				D9AE7FB41ADFCCD000DBD974 /* miz-center.png in Resources */,
			);
			runOnlyForDeploymentPostprocessing = 0;
		};
		D944CE881ADEEFC1005879D1 /* Resources */ = {
			isa = PBXResourcesBuildPhase;
			buildActionMask = 2147483647;
			files = (
			);
			runOnlyForDeploymentPostprocessing = 0;
		};
/* End PBXResourcesBuildPhase section */

/* Begin PBXSourcesBuildPhase section */
		D944CE6D1ADEEFC1005879D1 /* Sources */ = {
			isa = PBXSourcesBuildPhase;
			buildActionMask = 2147483647;
			files = (
				D9AE7FB01ADFA97600DBD974 /* CenterTableViewCell.m in Sources */,
				D944CE7A1ADEEFC1005879D1 /* AppDelegate.m in Sources */,
				D9AE7FAD1ADFA7F400DBD974 /* CenterTableViewController.m in Sources */,
				D936697D1AE27281000BBD1B /* CenterDetailViewController.m in Sources */,
				D90F04A31AE5337C00BF02AF /* LoginViewController.m in Sources */,
				D944CE771ADEEFC1005879D1 /* main.m in Sources */,
				D9973FBC1AE4C79B000576C2 /* SWRevealViewController.m in Sources */,
			);
			runOnlyForDeploymentPostprocessing = 0;
		};
		D944CE861ADEEFC1005879D1 /* Sources */ = {
			isa = PBXSourcesBuildPhase;
			buildActionMask = 2147483647;
			files = (
				D944CE911ADEEFC1005879D1 /* Yebimom_iOSTests.m in Sources */,
			);
			runOnlyForDeploymentPostprocessing = 0;
		};
/* End PBXSourcesBuildPhase section */

/* Begin PBXTargetDependency section */
		D944CE8C1ADEEFC1005879D1 /* PBXTargetDependency */ = {
			isa = PBXTargetDependency;
			target = D944CE701ADEEFC1005879D1 /* Yebimom-iOS */;
			targetProxy = D944CE8B1ADEEFC1005879D1 /* PBXContainerItemProxy */;
		};
/* End PBXTargetDependency section */

/* Begin PBXVariantGroup section */
		D944CE7E1ADEEFC1005879D1 /* Main.storyboard */ = {
			isa = PBXVariantGroup;
			children = (
				D944CE7F1ADEEFC1005879D1 /* Base */,
			);
			name = Main.storyboard;
			sourceTree = "<group>";
		};
		D944CE831ADEEFC1005879D1 /* LaunchScreen.xib */ = {
			isa = PBXVariantGroup;
			children = (
				D944CE841ADEEFC1005879D1 /* Base */,
			);
			name = LaunchScreen.xib;
			sourceTree = "<group>";
		};
/* End PBXVariantGroup section */

/* Begin XCBuildConfiguration section */
		D944CE921ADEEFC1005879D1 /* Debug */ = {
			isa = XCBuildConfiguration;
			buildSettings = {
				ALWAYS_SEARCH_USER_PATHS = NO;
				CLANG_CXX_LANGUAGE_STANDARD = "gnu++0x";
				CLANG_CXX_LIBRARY = "libc++";
				CLANG_ENABLE_MODULES = YES;
				CLANG_ENABLE_OBJC_ARC = YES;
				CLANG_WARN_BOOL_CONVERSION = YES;
				CLANG_WARN_CONSTANT_CONVERSION = YES;
				CLANG_WARN_DIRECT_OBJC_ISA_USAGE = YES_ERROR;
				CLANG_WARN_EMPTY_BODY = YES;
				CLANG_WARN_ENUM_CONVERSION = YES;
				CLANG_WARN_INT_CONVERSION = YES;
				CLANG_WARN_OBJC_ROOT_CLASS = YES_ERROR;
				CLANG_WARN_UNREACHABLE_CODE = YES;
				CLANG_WARN__DUPLICATE_METHOD_MATCH = YES;
				"CODE_SIGN_IDENTITY[sdk=iphoneos*]" = "iPhone Developer";
				COPY_PHASE_STRIP = NO;
				DEBUG_INFORMATION_FORMAT = "dwarf-with-dsym";
				ENABLE_STRICT_OBJC_MSGSEND = YES;
				GCC_C_LANGUAGE_STANDARD = gnu99;
				GCC_DYNAMIC_NO_PIC = NO;
				GCC_NO_COMMON_BLOCKS = YES;
				GCC_OPTIMIZATION_LEVEL = 0;
				GCC_PREPROCESSOR_DEFINITIONS = (
					"DEBUG=1",
					"$(inherited)",
				);
				GCC_SYMBOLS_PRIVATE_EXTERN = NO;
				GCC_WARN_64_TO_32_BIT_CONVERSION = YES;
				GCC_WARN_ABOUT_RETURN_TYPE = YES_ERROR;
				GCC_WARN_UNDECLARED_SELECTOR = YES;
				GCC_WARN_UNINITIALIZED_AUTOS = YES_AGGRESSIVE;
				GCC_WARN_UNUSED_FUNCTION = YES;
				GCC_WARN_UNUSED_VARIABLE = YES;
				IPHONEOS_DEPLOYMENT_TARGET = 8.3;
				MTL_ENABLE_DEBUG_INFO = YES;
				ONLY_ACTIVE_ARCH = YES;
				SDKROOT = iphoneos;
				TARGETED_DEVICE_FAMILY = "1,2";
			};
			name = Debug;
		};
		D944CE931ADEEFC1005879D1 /* Release */ = {
			isa = XCBuildConfiguration;
			buildSettings = {
				ALWAYS_SEARCH_USER_PATHS = NO;
				CLANG_CXX_LANGUAGE_STANDARD = "gnu++0x";
				CLANG_CXX_LIBRARY = "libc++";
				CLANG_ENABLE_MODULES = YES;
				CLANG_ENABLE_OBJC_ARC = YES;
				CLANG_WARN_BOOL_CONVERSION = YES;
				CLANG_WARN_CONSTANT_CONVERSION = YES;
				CLANG_WARN_DIRECT_OBJC_ISA_USAGE = YES_ERROR;
				CLANG_WARN_EMPTY_BODY = YES;
				CLANG_WARN_ENUM_CONVERSION = YES;
				CLANG_WARN_INT_CONVERSION = YES;
				CLANG_WARN_OBJC_ROOT_CLASS = YES_ERROR;
				CLANG_WARN_UNREACHABLE_CODE = YES;
				CLANG_WARN__DUPLICATE_METHOD_MATCH = YES;
				"CODE_SIGN_IDENTITY[sdk=iphoneos*]" = "iPhone Developer";
				COPY_PHASE_STRIP = NO;
				DEBUG_INFORMATION_FORMAT = "dwarf-with-dsym";
				ENABLE_NS_ASSERTIONS = NO;
				ENABLE_STRICT_OBJC_MSGSEND = YES;
				GCC_C_LANGUAGE_STANDARD = gnu99;
				GCC_NO_COMMON_BLOCKS = YES;
				GCC_WARN_64_TO_32_BIT_CONVERSION = YES;
				GCC_WARN_ABOUT_RETURN_TYPE = YES_ERROR;
				GCC_WARN_UNDECLARED_SELECTOR = YES;
				GCC_WARN_UNINITIALIZED_AUTOS = YES_AGGRESSIVE;
				GCC_WARN_UNUSED_FUNCTION = YES;
				GCC_WARN_UNUSED_VARIABLE = YES;
				IPHONEOS_DEPLOYMENT_TARGET = 8.3;
				MTL_ENABLE_DEBUG_INFO = NO;
				SDKROOT = iphoneos;
				TARGETED_DEVICE_FAMILY = "1,2";
				VALIDATE_PRODUCT = YES;
			};
			name = Release;
		};
		D944CE951ADEEFC1005879D1 /* Debug */ = {
			isa = XCBuildConfiguration;
			buildSettings = {
				ASSETCATALOG_COMPILER_APPICON_NAME = AppIcon;
				INFOPLIST_FILE = "Yebimom-iOS/Info.plist";
				LD_RUNPATH_SEARCH_PATHS = "$(inherited) @executable_path/Frameworks";
				PRODUCT_NAME = "$(TARGET_NAME)";
			};
			name = Debug;
		};
		D944CE961ADEEFC1005879D1 /* Release */ = {
			isa = XCBuildConfiguration;
			buildSettings = {
				ASSETCATALOG_COMPILER_APPICON_NAME = AppIcon;
				INFOPLIST_FILE = "Yebimom-iOS/Info.plist";
				LD_RUNPATH_SEARCH_PATHS = "$(inherited) @executable_path/Frameworks";
				PRODUCT_NAME = "$(TARGET_NAME)";
			};
			name = Release;
		};
		D944CE981ADEEFC1005879D1 /* Debug */ = {
			isa = XCBuildConfiguration;
			buildSettings = {
				BUNDLE_LOADER = "$(TEST_HOST)";
				FRAMEWORK_SEARCH_PATHS = (
					"$(SDKROOT)/Developer/Library/Frameworks",
					"$(inherited)",
				);
				GCC_PREPROCESSOR_DEFINITIONS = (
					"DEBUG=1",
					"$(inherited)",
				);
				INFOPLIST_FILE = "Yebimom-iOSTests/Info.plist";
				LD_RUNPATH_SEARCH_PATHS = "$(inherited) @executable_path/Frameworks @loader_path/Frameworks";
				PRODUCT_NAME = "$(TARGET_NAME)";
				TEST_HOST = "$(BUILT_PRODUCTS_DIR)/Yebimom-iOS.app/Yebimom-iOS";
			};
			name = Debug;
		};
		D944CE991ADEEFC1005879D1 /* Release */ = {
			isa = XCBuildConfiguration;
			buildSettings = {
				BUNDLE_LOADER = "$(TEST_HOST)";
				FRAMEWORK_SEARCH_PATHS = (
					"$(SDKROOT)/Developer/Library/Frameworks",
					"$(inherited)",
				);
				INFOPLIST_FILE = "Yebimom-iOSTests/Info.plist";
				LD_RUNPATH_SEARCH_PATHS = "$(inherited) @executable_path/Frameworks @loader_path/Frameworks";
				PRODUCT_NAME = "$(TARGET_NAME)";
				TEST_HOST = "$(BUILT_PRODUCTS_DIR)/Yebimom-iOS.app/Yebimom-iOS";
			};
			name = Release;
		};
/* End XCBuildConfiguration section */

/* Begin XCConfigurationList section */
		D944CE6C1ADEEFC1005879D1 /* Build configuration list for PBXProject "Yebimom-iOS" */ = {
			isa = XCConfigurationList;
			buildConfigurations = (
				D944CE921ADEEFC1005879D1 /* Debug */,
				D944CE931ADEEFC1005879D1 /* Release */,
			);
			defaultConfigurationIsVisible = 0;
			defaultConfigurationName = Release;
		};
		D944CE941ADEEFC1005879D1 /* Build configuration list for PBXNativeTarget "Yebimom-iOS" */ = {
			isa = XCConfigurationList;
			buildConfigurations = (
				D944CE951ADEEFC1005879D1 /* Debug */,
				D944CE961ADEEFC1005879D1 /* Release */,
			);
			defaultConfigurationIsVisible = 0;
			defaultConfigurationName = Release;
		};
		D944CE971ADEEFC1005879D1 /* Build configuration list for PBXNativeTarget "Yebimom-iOSTests" */ = {
			isa = XCConfigurationList;
			buildConfigurations = (
				D944CE981ADEEFC1005879D1 /* Debug */,
				D944CE991ADEEFC1005879D1 /* Release */,
			);
			defaultConfigurationIsVisible = 0;
			defaultConfigurationName = Release;
		};
/* End XCConfigurationList section */
	};
	rootObject = D944CE691ADEEFC1005879D1 /* Project object */;
}
