// !$*UTF8*$!
{
	archiveVersion = 1;
	classes = {
	};
	objectVersion = 46;
	objects = {

/* Begin PBXBuildFile section */
		29A2C3FA9AACEBCEF8344F86 /* Pods.framework in Frameworks */ = {isa = PBXBuildFile; fileRef = 57266FA5BD13D0F98EC891BA /* Pods.framework */; settings = {ATTRIBUTES = (Weak, ); }; };
		57A8FE17F112A4A5BE67C586 /* Pods.framework in Frameworks */ = {isa = PBXBuildFile; fileRef = 57266FA5BD13D0F98EC891BA /* Pods.framework */; settings = {ATTRIBUTES = (Weak, ); }; };
		D998E2F61B1EC8E000E4AB0B /* ENSideMenu.swift in Sources */ = {isa = PBXBuildFile; fileRef = D998E2F41B1EC8E000E4AB0B /* ENSideMenu.swift */; };
		D998E2F71B1EC8E000E4AB0B /* ENSideMenuNavigationController.swift in Sources */ = {isa = PBXBuildFile; fileRef = D998E2F51B1EC8E000E4AB0B /* ENSideMenuNavigationController.swift */; };
		D998E2F91B1EC99400E4AB0B /* ENSwiftSideMenuNavViewController.swift in Sources */ = {isa = PBXBuildFile; fileRef = D998E2F81B1EC99400E4AB0B /* ENSwiftSideMenuNavViewController.swift */; };
		D998E2FE1B1ECA6E00E4AB0B /* ENSideMenuTableViewController.swift in Sources */ = {isa = PBXBuildFile; fileRef = D998E2FD1B1ECA6E00E4AB0B /* ENSideMenuTableViewController.swift */; };
		D998E3071B1F108600E4AB0B /* MainTableViewController.swift in Sources */ = {isa = PBXBuildFile; fileRef = D998E3061B1F108600E4AB0B /* MainTableViewController.swift */; };
		D998E33F1B1F4DB500E4AB0B /* CategoryTableViewCell.swift in Sources */ = {isa = PBXBuildFile; fileRef = D998E33E1B1F4DB500E4AB0B /* CategoryTableViewCell.swift */; };
		D998E3731B2086C900E4AB0B /* LoginViewController.swift in Sources */ = {isa = PBXBuildFile; fileRef = D998E3721B2086C900E4AB0B /* LoginViewController.swift */; };
		D998E37F1B219E9F00E4AB0B /* SignupViewController.swift in Sources */ = {isa = PBXBuildFile; fileRef = D998E37E1B219E9F00E4AB0B /* SignupViewController.swift */; };
		D998E3841B21B65000E4AB0B /* EventTableViewCell.swift in Sources */ = {isa = PBXBuildFile; fileRef = D998E3831B21B65000E4AB0B /* EventTableViewCell.swift */; };
		D9A331EE1B1D74A8005E2FD1 /* AppDelegate.swift in Sources */ = {isa = PBXBuildFile; fileRef = D9A331ED1B1D74A8005E2FD1 /* AppDelegate.swift */; };
		D9A331F31B1D74A8005E2FD1 /* Main.storyboard in Resources */ = {isa = PBXBuildFile; fileRef = D9A331F11B1D74A8005E2FD1 /* Main.storyboard */; };
		D9A331F51B1D74A8005E2FD1 /* Images.xcassets in Resources */ = {isa = PBXBuildFile; fileRef = D9A331F41B1D74A8005E2FD1 /* Images.xcassets */; };
		D9A331F81B1D74A8005E2FD1 /* LaunchScreen.xib in Resources */ = {isa = PBXBuildFile; fileRef = D9A331F61B1D74A8005E2FD1 /* LaunchScreen.xib */; };
		D9A332041B1D74A8005E2FD1 /* Yebimom_iOSTests.swift in Sources */ = {isa = PBXBuildFile; fileRef = D9A332031B1D74A8005E2FD1 /* Yebimom_iOSTests.swift */; };
		D9B4654E1B27E2F4001DE177 /* LoginOrRegisterViewController.swift in Sources */ = {isa = PBXBuildFile; fileRef = D9B4654D1B27E2F4001DE177 /* LoginOrRegisterViewController.swift */; };
		D9B745831B22E9760080645D /* CategoryPageTableViewController.swift in Sources */ = {isa = PBXBuildFile; fileRef = D9B745821B22E9760080645D /* CategoryPageTableViewController.swift */; };
		D9B745851B22E9850080645D /* CategoryPageTableViewCell.swift in Sources */ = {isa = PBXBuildFile; fileRef = D9B745841B22E9850080645D /* CategoryPageTableViewCell.swift */; };
		D9B7458D1B234FC50080645D /* CenterOfCategoryViewController.swift in Sources */ = {isa = PBXBuildFile; fileRef = D9B7458C1B234FC50080645D /* CenterOfCategoryViewController.swift */; };
		D9C848981B29A473006FCA39 /* FacilityTableViewCell.swift in Sources */ = {isa = PBXBuildFile; fileRef = D9C848971B29A473006FCA39 /* FacilityTableViewCell.swift */; };
		D9CE3D301B29F1AF00227E7F /* MainViewTest.swift in Sources */ = {isa = PBXBuildFile; fileRef = D9CE3D2F1B29F1AF00227E7F /* MainViewTest.swift */; };
		D9CE3D311B29F2BE00227E7F /* MainTableViewController.swift in Sources */ = {isa = PBXBuildFile; fileRef = D998E3061B1F108600E4AB0B /* MainTableViewController.swift */; };
		D9CE3D321B29F36A00227E7F /* ENSideMenu.swift in Sources */ = {isa = PBXBuildFile; fileRef = D998E2F41B1EC8E000E4AB0B /* ENSideMenu.swift */; };
		D9CE3D331B29F36A00227E7F /* ENSideMenuNavigationController.swift in Sources */ = {isa = PBXBuildFile; fileRef = D998E2F51B1EC8E000E4AB0B /* ENSideMenuNavigationController.swift */; };
		D9CE3D341B29F38800227E7F /* CategoryTableViewCell.swift in Sources */ = {isa = PBXBuildFile; fileRef = D998E33E1B1F4DB500E4AB0B /* CategoryTableViewCell.swift */; };
		D9CE3D351B29F38800227E7F /* EventTableViewCell.swift in Sources */ = {isa = PBXBuildFile; fileRef = D998E3831B21B65000E4AB0B /* EventTableViewCell.swift */; };
		D9CE3D361B29F38800227E7F /* EventPageTableViewCell.swift in Sources */ = {isa = PBXBuildFile; fileRef = D9E659941B21E962001CA293 /* EventPageTableViewCell.swift */; };
		D9CE3D371B29F38800227E7F /* CategoryPageTableViewCell.swift in Sources */ = {isa = PBXBuildFile; fileRef = D9B745841B22E9850080645D /* CategoryPageTableViewCell.swift */; };
		D9CE3D381B29F38800227E7F /* FacilityTableViewCell.swift in Sources */ = {isa = PBXBuildFile; fileRef = D9C848971B29A473006FCA39 /* FacilityTableViewCell.swift */; };
		D9CE3D391B29F39800227E7F /* CenterOfCategoryViewController.swift in Sources */ = {isa = PBXBuildFile; fileRef = D9B7458C1B234FC50080645D /* CenterOfCategoryViewController.swift */; };
		D9CE3D3A1B29F39C00227E7F /* LoginOrRegisterViewController.swift in Sources */ = {isa = PBXBuildFile; fileRef = D9B4654D1B27E2F4001DE177 /* LoginOrRegisterViewController.swift */; };
		D9CE3D3B1B29F39C00227E7F /* LoginViewController.swift in Sources */ = {isa = PBXBuildFile; fileRef = D998E3721B2086C900E4AB0B /* LoginViewController.swift */; };
		D9CE3D3C1B29F39C00227E7F /* SignupViewController.swift in Sources */ = {isa = PBXBuildFile; fileRef = D998E37E1B219E9F00E4AB0B /* SignupViewController.swift */; };
		D9CE3D3D1B29F3A600227E7F /* ENSwiftSideMenuNavViewController.swift in Sources */ = {isa = PBXBuildFile; fileRef = D998E2F81B1EC99400E4AB0B /* ENSwiftSideMenuNavViewController.swift */; };
		D9CE3D3E1B29F3A600227E7F /* ENSideMenuTableViewController.swift in Sources */ = {isa = PBXBuildFile; fileRef = D998E2FD1B1ECA6E00E4AB0B /* ENSideMenuTableViewController.swift */; };
		D9CE3D3F1B29F3AB00227E7F /* EventPageTableViewController.swift in Sources */ = {isa = PBXBuildFile; fileRef = D9E659921B21E93B001CA293 /* EventPageTableViewController.swift */; };
		D9CE3D401B29F3AB00227E7F /* CategoryPageTableViewController.swift in Sources */ = {isa = PBXBuildFile; fileRef = D9B745821B22E9760080645D /* CategoryPageTableViewController.swift */; };
		D9E659931B21E93B001CA293 /* EventPageTableViewController.swift in Sources */ = {isa = PBXBuildFile; fileRef = D9E659921B21E93B001CA293 /* EventPageTableViewController.swift */; };
		D9E659951B21E962001CA293 /* EventPageTableViewCell.swift in Sources */ = {isa = PBXBuildFile; fileRef = D9E659941B21E962001CA293 /* EventPageTableViewCell.swift */; };
/* End PBXBuildFile section */

/* Begin PBXContainerItemProxy section */
		D9A331FE1B1D74A8005E2FD1 /* PBXContainerItemProxy */ = {
			isa = PBXContainerItemProxy;
			containerPortal = D9A331E01B1D74A8005E2FD1 /* Project object */;
			proxyType = 1;
			remoteGlobalIDString = D9A331E71B1D74A8005E2FD1;
			remoteInfo = "Yebimom-iOS";
		};
/* End PBXContainerItemProxy section */

/* Begin PBXFileReference section */
		57266FA5BD13D0F98EC891BA /* Pods.framework */ = {isa = PBXFileReference; explicitFileType = wrapper.framework; includeInIndex = 0; path = Pods.framework; sourceTree = BUILT_PRODUCTS_DIR; };
		D998E2F41B1EC8E000E4AB0B /* ENSideMenu.swift */ = {isa = PBXFileReference; fileEncoding = 4; lastKnownFileType = sourcecode.swift; path = ENSideMenu.swift; sourceTree = "<group>"; };
		D998E2F51B1EC8E000E4AB0B /* ENSideMenuNavigationController.swift */ = {isa = PBXFileReference; fileEncoding = 4; lastKnownFileType = sourcecode.swift; path = ENSideMenuNavigationController.swift; sourceTree = "<group>"; };
		D998E2F81B1EC99400E4AB0B /* ENSwiftSideMenuNavViewController.swift */ = {isa = PBXFileReference; fileEncoding = 4; lastKnownFileType = sourcecode.swift; path = ENSwiftSideMenuNavViewController.swift; sourceTree = "<group>"; };
		D998E2FD1B1ECA6E00E4AB0B /* ENSideMenuTableViewController.swift */ = {isa = PBXFileReference; fileEncoding = 4; lastKnownFileType = sourcecode.swift; path = ENSideMenuTableViewController.swift; sourceTree = "<group>"; };
		D998E3061B1F108600E4AB0B /* MainTableViewController.swift */ = {isa = PBXFileReference; fileEncoding = 4; lastKnownFileType = sourcecode.swift; path = MainTableViewController.swift; sourceTree = "<group>"; };
		D998E33E1B1F4DB500E4AB0B /* CategoryTableViewCell.swift */ = {isa = PBXFileReference; fileEncoding = 4; lastKnownFileType = sourcecode.swift; path = CategoryTableViewCell.swift; sourceTree = "<group>"; };
		D998E3721B2086C900E4AB0B /* LoginViewController.swift */ = {isa = PBXFileReference; fileEncoding = 4; lastKnownFileType = sourcecode.swift; path = LoginViewController.swift; sourceTree = "<group>"; };
		D998E37E1B219E9F00E4AB0B /* SignupViewController.swift */ = {isa = PBXFileReference; fileEncoding = 4; lastKnownFileType = sourcecode.swift; path = SignupViewController.swift; sourceTree = "<group>"; };
		D998E3831B21B65000E4AB0B /* EventTableViewCell.swift */ = {isa = PBXFileReference; fileEncoding = 4; lastKnownFileType = sourcecode.swift; path = EventTableViewCell.swift; sourceTree = "<group>"; };
		D9A331E81B1D74A8005E2FD1 /* Yebimom-iOS.app */ = {isa = PBXFileReference; explicitFileType = wrapper.application; includeInIndex = 0; path = "Yebimom-iOS.app"; sourceTree = BUILT_PRODUCTS_DIR; };
		D9A331EC1B1D74A8005E2FD1 /* Info.plist */ = {isa = PBXFileReference; lastKnownFileType = text.plist.xml; path = Info.plist; sourceTree = "<group>"; };
		D9A331ED1B1D74A8005E2FD1 /* AppDelegate.swift */ = {isa = PBXFileReference; lastKnownFileType = sourcecode.swift; path = AppDelegate.swift; sourceTree = "<group>"; };
		D9A331F21B1D74A8005E2FD1 /* Base */ = {isa = PBXFileReference; lastKnownFileType = file.storyboard; name = Base; path = Base.lproj/Main.storyboard; sourceTree = "<group>"; };
		D9A331F41B1D74A8005E2FD1 /* Images.xcassets */ = {isa = PBXFileReference; lastKnownFileType = folder.assetcatalog; path = Images.xcassets; sourceTree = "<group>"; };
		D9A331F71B1D74A8005E2FD1 /* Base */ = {isa = PBXFileReference; lastKnownFileType = file.xib; name = Base; path = Base.lproj/LaunchScreen.xib; sourceTree = "<group>"; };
		D9A331FD1B1D74A8005E2FD1 /* Yebimom-iOSTests.xctest */ = {isa = PBXFileReference; explicitFileType = wrapper.cfbundle; includeInIndex = 0; path = "Yebimom-iOSTests.xctest"; sourceTree = BUILT_PRODUCTS_DIR; };
		D9A332021B1D74A8005E2FD1 /* Info.plist */ = {isa = PBXFileReference; lastKnownFileType = text.plist.xml; path = Info.plist; sourceTree = "<group>"; };
		D9A332031B1D74A8005E2FD1 /* Yebimom_iOSTests.swift */ = {isa = PBXFileReference; lastKnownFileType = sourcecode.swift; path = Yebimom_iOSTests.swift; sourceTree = "<group>"; };
		D9B4654D1B27E2F4001DE177 /* LoginOrRegisterViewController.swift */ = {isa = PBXFileReference; fileEncoding = 4; lastKnownFileType = sourcecode.swift; path = LoginOrRegisterViewController.swift; sourceTree = "<group>"; };
		D9B745821B22E9760080645D /* CategoryPageTableViewController.swift */ = {isa = PBXFileReference; fileEncoding = 4; lastKnownFileType = sourcecode.swift; path = CategoryPageTableViewController.swift; sourceTree = "<group>"; };
		D9B745841B22E9850080645D /* CategoryPageTableViewCell.swift */ = {isa = PBXFileReference; fileEncoding = 4; lastKnownFileType = sourcecode.swift; path = CategoryPageTableViewCell.swift; sourceTree = "<group>"; };
		D9B7458C1B234FC50080645D /* CenterOfCategoryViewController.swift */ = {isa = PBXFileReference; fileEncoding = 4; lastKnownFileType = sourcecode.swift; path = CenterOfCategoryViewController.swift; sourceTree = "<group>"; };
		D9C848971B29A473006FCA39 /* FacilityTableViewCell.swift */ = {isa = PBXFileReference; fileEncoding = 4; lastKnownFileType = sourcecode.swift; path = FacilityTableViewCell.swift; sourceTree = "<group>"; };
		D9CE3D2F1B29F1AF00227E7F /* MainViewTest.swift */ = {isa = PBXFileReference; fileEncoding = 4; lastKnownFileType = sourcecode.swift; path = MainViewTest.swift; sourceTree = "<group>"; };
		D9E659921B21E93B001CA293 /* EventPageTableViewController.swift */ = {isa = PBXFileReference; fileEncoding = 4; lastKnownFileType = sourcecode.swift; path = EventPageTableViewController.swift; sourceTree = "<group>"; };
		D9E659941B21E962001CA293 /* EventPageTableViewCell.swift */ = {isa = PBXFileReference; fileEncoding = 4; lastKnownFileType = sourcecode.swift; path = EventPageTableViewCell.swift; sourceTree = "<group>"; };
		EE85F1E416213D26275F6D1E /* Pods.release.xcconfig */ = {isa = PBXFileReference; includeInIndex = 1; lastKnownFileType = text.xcconfig; name = Pods.release.xcconfig; path = "Pods/Target Support Files/Pods/Pods.release.xcconfig"; sourceTree = "<group>"; };
		F18C3D6DDBC750FBE81DF760 /* Pods.debug.xcconfig */ = {isa = PBXFileReference; includeInIndex = 1; lastKnownFileType = text.xcconfig; name = Pods.debug.xcconfig; path = "Pods/Target Support Files/Pods/Pods.debug.xcconfig"; sourceTree = "<group>"; };
/* End PBXFileReference section */

/* Begin PBXFrameworksBuildPhase section */
		D9A331E51B1D74A8005E2FD1 /* Frameworks */ = {
			isa = PBXFrameworksBuildPhase;
			buildActionMask = 2147483647;
			files = (
				57A8FE17F112A4A5BE67C586 /* Pods.framework in Frameworks */,
			);
			runOnlyForDeploymentPostprocessing = 0;
		};
		D9A331FA1B1D74A8005E2FD1 /* Frameworks */ = {
			isa = PBXFrameworksBuildPhase;
			buildActionMask = 2147483647;
			files = (
				29A2C3FA9AACEBCEF8344F86 /* Pods.framework in Frameworks */,
			);
			runOnlyForDeploymentPostprocessing = 0;
		};
/* End PBXFrameworksBuildPhase section */

/* Begin PBXGroup section */
		0EBABEF8FA419D31B64C84C7 /* Pods */ = {
			isa = PBXGroup;
			children = (
				F18C3D6DDBC750FBE81DF760 /* Pods.debug.xcconfig */,
				EE85F1E416213D26275F6D1E /* Pods.release.xcconfig */,
			);
			name = Pods;
			sourceTree = "<group>";
		};
		2B1F4971E14135E73E6C5D59 /* Frameworks */ = {
			isa = PBXGroup;
			children = (
				57266FA5BD13D0F98EC891BA /* Pods.framework */,
			);
			name = Frameworks;
			sourceTree = "<group>";
		};
		D998E2F21B1EC89B00E4AB0B /* Library */ = {
			isa = PBXGroup;
			children = (
				D998E3761B20BCB600E4AB0B /* Networking */,
				D998E2F31B1EC8A300E4AB0B /* ENSwiftSideMenu */,
			);
			name = Library;
			sourceTree = "<group>";
		};
		D998E2F31B1EC8A300E4AB0B /* ENSwiftSideMenu */ = {
			isa = PBXGroup;
			children = (
				D998E2F41B1EC8E000E4AB0B /* ENSideMenu.swift */,
				D998E2F51B1EC8E000E4AB0B /* ENSideMenuNavigationController.swift */,
			);
			name = ENSwiftSideMenu;
			sourceTree = "<group>";
		};
		D998E2FA1B1EC9A200E4AB0B /* Controller */ = {
			isa = PBXGroup;
			children = (
				D9B745891B234F370080645D /* Detail */,
				D9B745881B230A650080645D /* User */,
				D9B745871B230A560080645D /* Main */,
				D9B745861B230A460080645D /* Page */,
				D998E3081B1F108E00E4AB0B /* Side-menu */,
			);
			name = Controller;
			sourceTree = "<group>";
		};
		D998E2FB1B1EC9B700E4AB0B /* UI */ = {
			isa = PBXGroup;
			children = (
				D9A331F11B1D74A8005E2FD1 /* Main.storyboard */,
				D9A331F61B1D74A8005E2FD1 /* LaunchScreen.xib */,
			);
			name = UI;
			sourceTree = "<group>";
		};
		D998E2FC1B1EC9C900E4AB0B /* Resources */ = {
			isa = PBXGroup;
			children = (
				D9A331F41B1D74A8005E2FD1 /* Images.xcassets */,
			);
			name = Resources;
			sourceTree = "<group>";
		};
		D998E3081B1F108E00E4AB0B /* Side-menu */ = {
			isa = PBXGroup;
			children = (
				D998E2F81B1EC99400E4AB0B /* ENSwiftSideMenuNavViewController.swift */,
				D998E2FD1B1ECA6E00E4AB0B /* ENSideMenuTableViewController.swift */,
			);
			name = "Side-menu";
			sourceTree = "<group>";
		};
		D998E33D1B1F4D9800E4AB0B /* Cell */ = {
			isa = PBXGroup;
			children = (
				D998E33E1B1F4DB500E4AB0B /* CategoryTableViewCell.swift */,
				D998E3831B21B65000E4AB0B /* EventTableViewCell.swift */,
				D9E659941B21E962001CA293 /* EventPageTableViewCell.swift */,
				D9B745841B22E9850080645D /* CategoryPageTableViewCell.swift */,
				D9C848971B29A473006FCA39 /* FacilityTableViewCell.swift */,
			);
			name = Cell;
			sourceTree = "<group>";
		};
		D998E3761B20BCB600E4AB0B /* Networking */ = {
			isa = PBXGroup;
			children = (
			);
			name = Networking;
			sourceTree = "<group>";
		};
		D9A331DF1B1D74A8005E2FD1 = {
			isa = PBXGroup;
			children = (
				D9A331EA1B1D74A8005E2FD1 /* Yebimom-iOS */,
				D9A332001B1D74A8005E2FD1 /* Yebimom-iOSTests */,
				D9A331E91B1D74A8005E2FD1 /* Products */,
				0EBABEF8FA419D31B64C84C7 /* Pods */,
				2B1F4971E14135E73E6C5D59 /* Frameworks */,
			);
			sourceTree = "<group>";
		};
		D9A331E91B1D74A8005E2FD1 /* Products */ = {
			isa = PBXGroup;
			children = (
				D9A331E81B1D74A8005E2FD1 /* Yebimom-iOS.app */,
				D9A331FD1B1D74A8005E2FD1 /* Yebimom-iOSTests.xctest */,
			);
			name = Products;
			sourceTree = "<group>";
		};
		D9A331EA1B1D74A8005E2FD1 /* Yebimom-iOS */ = {
			isa = PBXGroup;
			children = (
				D998E33D1B1F4D9800E4AB0B /* Cell */,
				D998E2FC1B1EC9C900E4AB0B /* Resources */,
				D998E2FB1B1EC9B700E4AB0B /* UI */,
				D998E2FA1B1EC9A200E4AB0B /* Controller */,
				D998E2F21B1EC89B00E4AB0B /* Library */,
				D9A331ED1B1D74A8005E2FD1 /* AppDelegate.swift */,
				D9A331EB1B1D74A8005E2FD1 /* Supporting Files */,
			);
			path = "Yebimom-iOS";
			sourceTree = "<group>";
		};
		D9A331EB1B1D74A8005E2FD1 /* Supporting Files */ = {
			isa = PBXGroup;
			children = (
				D9A331EC1B1D74A8005E2FD1 /* Info.plist */,
			);
			name = "Supporting Files";
			sourceTree = "<group>";
		};
		D9A332001B1D74A8005E2FD1 /* Yebimom-iOSTests */ = {
			isa = PBXGroup;
			children = (
				D9CE3D2E1B29F16800227E7F /* MainView */,
				D9A332031B1D74A8005E2FD1 /* Yebimom_iOSTests.swift */,
				D9A332011B1D74A8005E2FD1 /* Supporting Files */,
			);
			path = "Yebimom-iOSTests";
			sourceTree = "<group>";
		};
		D9A332011B1D74A8005E2FD1 /* Supporting Files */ = {
			isa = PBXGroup;
			children = (
				D9A332021B1D74A8005E2FD1 /* Info.plist */,
			);
			name = "Supporting Files";
			sourceTree = "<group>";
		};
		D9B745861B230A460080645D /* Page */ = {
			isa = PBXGroup;
			children = (
				D9E659921B21E93B001CA293 /* EventPageTableViewController.swift */,
				D9B745821B22E9760080645D /* CategoryPageTableViewController.swift */,
			);
			name = Page;
			sourceTree = "<group>";
		};
		D9B745871B230A560080645D /* Main */ = {
			isa = PBXGroup;
			children = (
				D998E3061B1F108600E4AB0B /* MainTableViewController.swift */,
			);
			name = Main;
			sourceTree = "<group>";
		};
		D9B745881B230A650080645D /* User */ = {
			isa = PBXGroup;
			children = (
				D9B4654D1B27E2F4001DE177 /* LoginOrRegisterViewController.swift */,
				D998E3721B2086C900E4AB0B /* LoginViewController.swift */,
				D998E37E1B219E9F00E4AB0B /* SignupViewController.swift */,
			);
			name = User;
			sourceTree = "<group>";
		};
		D9B745891B234F370080645D /* Detail */ = {
			isa = PBXGroup;
			children = (
				D9B7458C1B234FC50080645D /* CenterOfCategoryViewController.swift */,
			);
			name = Detail;
			sourceTree = "<group>";
		};
		D9CE3D2E1B29F16800227E7F /* MainView */ = {
			isa = PBXGroup;
			children = (
				D9CE3D2F1B29F1AF00227E7F /* MainViewTest.swift */,
			);
			name = MainView;
			sourceTree = "<group>";
		};
/* End PBXGroup section */

/* Begin PBXNativeTarget section */
		D9A331E71B1D74A8005E2FD1 /* Yebimom-iOS */ = {
			isa = PBXNativeTarget;
			buildConfigurationList = D9A332071B1D74A8005E2FD1 /* Build configuration list for PBXNativeTarget "Yebimom-iOS" */;
			buildPhases = (
				F5D2016A4727425D976DF302 /* Check Pods Manifest.lock */,
				D9A331E41B1D74A8005E2FD1 /* Sources */,
				D9A331E51B1D74A8005E2FD1 /* Frameworks */,
				D9A331E61B1D74A8005E2FD1 /* Resources */,
				1F5093F25963F5AE80256F5E /* Embed Pods Frameworks */,
				99169D255160639EC89F976B /* Copy Pods Resources */,
			);
			buildRules = (
			);
			dependencies = (
			);
			name = "Yebimom-iOS";
			productName = "Yebimom-iOS";
			productReference = D9A331E81B1D74A8005E2FD1 /* Yebimom-iOS.app */;
			productType = "com.apple.product-type.application";
		};
		D9A331FC1B1D74A8005E2FD1 /* Yebimom-iOSTests */ = {
			isa = PBXNativeTarget;
			buildConfigurationList = D9A3320A1B1D74A8005E2FD1 /* Build configuration list for PBXNativeTarget "Yebimom-iOSTests" */;
			buildPhases = (
				085995A978B1FA4B821D80D2 /* Check Pods Manifest.lock */,
				D9A331F91B1D74A8005E2FD1 /* Sources */,
				D9A331FA1B1D74A8005E2FD1 /* Frameworks */,
				D9A331FB1B1D74A8005E2FD1 /* Resources */,
				BA8BC084778032F4CC03C923 /* Embed Pods Frameworks */,
				F7E2703EF4EC6B9CE2BD769D /* Copy Pods Resources */,
			);
			buildRules = (
			);
			dependencies = (
				D9A331FF1B1D74A8005E2FD1 /* PBXTargetDependency */,
			);
			name = "Yebimom-iOSTests";
			productName = "Yebimom-iOSTests";
			productReference = D9A331FD1B1D74A8005E2FD1 /* Yebimom-iOSTests.xctest */;
			productType = "com.apple.product-type.bundle.unit-test";
		};
/* End PBXNativeTarget section */

/* Begin PBXProject section */
		D9A331E01B1D74A8005E2FD1 /* Project object */ = {
			isa = PBXProject;
			attributes = {
				LastUpgradeCheck = 0630;
				ORGANIZATIONNAME = wikibootup;
				TargetAttributes = {
					D9A331E71B1D74A8005E2FD1 = {
						CreatedOnToolsVersion = 6.3.2;
					};
					D9A331FC1B1D74A8005E2FD1 = {
						CreatedOnToolsVersion = 6.3.2;
						TestTargetID = D9A331E71B1D74A8005E2FD1;
					};
				};
			};
			buildConfigurationList = D9A331E31B1D74A8005E2FD1 /* Build configuration list for PBXProject "Yebimom-iOS" */;
			compatibilityVersion = "Xcode 3.2";
			developmentRegion = English;
			hasScannedForEncodings = 0;
			knownRegions = (
				en,
				Base,
			);
			mainGroup = D9A331DF1B1D74A8005E2FD1;
			productRefGroup = D9A331E91B1D74A8005E2FD1 /* Products */;
			projectDirPath = "";
			projectRoot = "";
			targets = (
				D9A331E71B1D74A8005E2FD1 /* Yebimom-iOS */,
				D9A331FC1B1D74A8005E2FD1 /* Yebimom-iOSTests */,
			);
		};
/* End PBXProject section */

/* Begin PBXResourcesBuildPhase section */
		D9A331E61B1D74A8005E2FD1 /* Resources */ = {
			isa = PBXResourcesBuildPhase;
			buildActionMask = 2147483647;
			files = (
				D9A331F31B1D74A8005E2FD1 /* Main.storyboard in Resources */,
				D9A331F81B1D74A8005E2FD1 /* LaunchScreen.xib in Resources */,
				D9A331F51B1D74A8005E2FD1 /* Images.xcassets in Resources */,
			);
			runOnlyForDeploymentPostprocessing = 0;
		};
		D9A331FB1B1D74A8005E2FD1 /* Resources */ = {
			isa = PBXResourcesBuildPhase;
			buildActionMask = 2147483647;
			files = (
			);
			runOnlyForDeploymentPostprocessing = 0;
		};
/* End PBXResourcesBuildPhase section */

/* Begin PBXShellScriptBuildPhase section */
		085995A978B1FA4B821D80D2 /* Check Pods Manifest.lock */ = {
			isa = PBXShellScriptBuildPhase;
			buildActionMask = 2147483647;
			files = (
			);
			inputPaths = (
			);
			name = "Check Pods Manifest.lock";
			outputPaths = (
			);
			runOnlyForDeploymentPostprocessing = 0;
			shellPath = /bin/sh;
			shellScript = "diff \"${PODS_ROOT}/../Podfile.lock\" \"${PODS_ROOT}/Manifest.lock\" > /dev/null\nif [[ $? != 0 ]] ; then\n    cat << EOM\nerror: The sandbox is not in sync with the Podfile.lock. Run 'pod install' or update your CocoaPods installation.\nEOM\n    exit 1\nfi\n";
			showEnvVarsInLog = 0;
		};
		1F5093F25963F5AE80256F5E /* Embed Pods Frameworks */ = {
			isa = PBXShellScriptBuildPhase;
			buildActionMask = 2147483647;
			files = (
			);
			inputPaths = (
			);
			name = "Embed Pods Frameworks";
			outputPaths = (
			);
			runOnlyForDeploymentPostprocessing = 0;
			shellPath = /bin/sh;
			shellScript = "\"${SRCROOT}/Pods/Target Support Files/Pods/Pods-frameworks.sh\"\n";
			showEnvVarsInLog = 0;
		};
		99169D255160639EC89F976B /* Copy Pods Resources */ = {
			isa = PBXShellScriptBuildPhase;
			buildActionMask = 2147483647;
			files = (
			);
			inputPaths = (
			);
			name = "Copy Pods Resources";
			outputPaths = (
			);
			runOnlyForDeploymentPostprocessing = 0;
			shellPath = /bin/sh;
			shellScript = "\"${SRCROOT}/Pods/Target Support Files/Pods/Pods-resources.sh\"\n";
			showEnvVarsInLog = 0;
		};
		BA8BC084778032F4CC03C923 /* Embed Pods Frameworks */ = {
			isa = PBXShellScriptBuildPhase;
			buildActionMask = 2147483647;
			files = (
			);
			inputPaths = (
			);
			name = "Embed Pods Frameworks";
			outputPaths = (
			);
			runOnlyForDeploymentPostprocessing = 0;
			shellPath = /bin/sh;
			shellScript = "\"${SRCROOT}/Pods/Target Support Files/Pods/Pods-frameworks.sh\"\n";
			showEnvVarsInLog = 0;
		};
		F5D2016A4727425D976DF302 /* Check Pods Manifest.lock */ = {
			isa = PBXShellScriptBuildPhase;
			buildActionMask = 2147483647;
			files = (
			);
			inputPaths = (
			);
			name = "Check Pods Manifest.lock";
			outputPaths = (
			);
			runOnlyForDeploymentPostprocessing = 0;
			shellPath = /bin/sh;
			shellScript = "diff \"${PODS_ROOT}/../Podfile.lock\" \"${PODS_ROOT}/Manifest.lock\" > /dev/null\nif [[ $? != 0 ]] ; then\n    cat << EOM\nerror: The sandbox is not in sync with the Podfile.lock. Run 'pod install' or update your CocoaPods installation.\nEOM\n    exit 1\nfi\n";
			showEnvVarsInLog = 0;
		};
		F7E2703EF4EC6B9CE2BD769D /* Copy Pods Resources */ = {
			isa = PBXShellScriptBuildPhase;
			buildActionMask = 2147483647;
			files = (
			);
			inputPaths = (
			);
			name = "Copy Pods Resources";
			outputPaths = (
			);
			runOnlyForDeploymentPostprocessing = 0;
			shellPath = /bin/sh;
			shellScript = "\"${SRCROOT}/Pods/Target Support Files/Pods/Pods-resources.sh\"\n";
			showEnvVarsInLog = 0;
		};
/* End PBXShellScriptBuildPhase section */

/* Begin PBXSourcesBuildPhase section */
		D9A331E41B1D74A8005E2FD1 /* Sources */ = {
			isa = PBXSourcesBuildPhase;
			buildActionMask = 2147483647;
			files = (
				D998E37F1B219E9F00E4AB0B /* SignupViewController.swift in Sources */,
				D9E659951B21E962001CA293 /* EventPageTableViewCell.swift in Sources */,
				D998E2F71B1EC8E000E4AB0B /* ENSideMenuNavigationController.swift in Sources */,
				D998E2F61B1EC8E000E4AB0B /* ENSideMenu.swift in Sources */,
				D998E2FE1B1ECA6E00E4AB0B /* ENSideMenuTableViewController.swift in Sources */,
				D9C848981B29A473006FCA39 /* FacilityTableViewCell.swift in Sources */,
				D9B745831B22E9760080645D /* CategoryPageTableViewController.swift in Sources */,
				D9E659931B21E93B001CA293 /* EventPageTableViewController.swift in Sources */,
				D998E2F91B1EC99400E4AB0B /* ENSwiftSideMenuNavViewController.swift in Sources */,
				D9B745851B22E9850080645D /* CategoryPageTableViewCell.swift in Sources */,
				D998E3731B2086C900E4AB0B /* LoginViewController.swift in Sources */,
				D9A331EE1B1D74A8005E2FD1 /* AppDelegate.swift in Sources */,
				D998E3071B1F108600E4AB0B /* MainTableViewController.swift in Sources */,
				D9B4654E1B27E2F4001DE177 /* LoginOrRegisterViewController.swift in Sources */,
				D9B7458D1B234FC50080645D /* CenterOfCategoryViewController.swift in Sources */,
				D998E3841B21B65000E4AB0B /* EventTableViewCell.swift in Sources */,
				D998E33F1B1F4DB500E4AB0B /* CategoryTableViewCell.swift in Sources */,
			);
			runOnlyForDeploymentPostprocessing = 0;
		};
		D9A331F91B1D74A8005E2FD1 /* Sources */ = {
			isa = PBXSourcesBuildPhase;
			buildActionMask = 2147483647;
			files = (
				D9CE3D3A1B29F39C00227E7F /* LoginOrRegisterViewController.swift in Sources */,
				D9CE3D321B29F36A00227E7F /* ENSideMenu.swift in Sources */,
				D9CE3D3E1B29F3A600227E7F /* ENSideMenuTableViewController.swift in Sources */,
				D9CE3D371B29F38800227E7F /* CategoryPageTableViewCell.swift in Sources */,
				D9CE3D3F1B29F3AB00227E7F /* EventPageTableViewController.swift in Sources */,
				D9CE3D361B29F38800227E7F /* EventPageTableViewCell.swift in Sources */,
				D9A332041B1D74A8005E2FD1 /* Yebimom_iOSTests.swift in Sources */,
				D9CE3D381B29F38800227E7F /* FacilityTableViewCell.swift in Sources */,
				D9CE3D311B29F2BE00227E7F /* MainTableViewController.swift in Sources */,
				D9CE3D331B29F36A00227E7F /* ENSideMenuNavigationController.swift in Sources */,
				D9CE3D401B29F3AB00227E7F /* CategoryPageTableViewController.swift in Sources */,
				D9CE3D3C1B29F39C00227E7F /* SignupViewController.swift in Sources */,
				D9CE3D351B29F38800227E7F /* EventTableViewCell.swift in Sources */,
				D9CE3D301B29F1AF00227E7F /* MainViewTest.swift in Sources */,
				D9CE3D391B29F39800227E7F /* CenterOfCategoryViewController.swift in Sources */,
				D9CE3D3B1B29F39C00227E7F /* LoginViewController.swift in Sources */,
				D9CE3D3D1B29F3A600227E7F /* ENSwiftSideMenuNavViewController.swift in Sources */,
				D9CE3D341B29F38800227E7F /* CategoryTableViewCell.swift in Sources */,
			);
			runOnlyForDeploymentPostprocessing = 0;
		};
/* End PBXSourcesBuildPhase section */

/* Begin PBXTargetDependency section */
		D9A331FF1B1D74A8005E2FD1 /* PBXTargetDependency */ = {
			isa = PBXTargetDependency;
			target = D9A331E71B1D74A8005E2FD1 /* Yebimom-iOS */;
			targetProxy = D9A331FE1B1D74A8005E2FD1 /* PBXContainerItemProxy */;
		};
/* End PBXTargetDependency section */

/* Begin PBXVariantGroup section */
		D9A331F11B1D74A8005E2FD1 /* Main.storyboard */ = {
			isa = PBXVariantGroup;
			children = (
				D9A331F21B1D74A8005E2FD1 /* Base */,
			);
			name = Main.storyboard;
			sourceTree = "<group>";
		};
		D9A331F61B1D74A8005E2FD1 /* LaunchScreen.xib */ = {
			isa = PBXVariantGroup;
			children = (
				D9A331F71B1D74A8005E2FD1 /* Base */,
			);
			name = LaunchScreen.xib;
			sourceTree = "<group>";
		};
/* End PBXVariantGroup section */

/* Begin XCBuildConfiguration section */
		D9A332051B1D74A8005E2FD1 /* Debug */ = {
			isa = XCBuildConfiguration;
			buildSettings = {
				ALWAYS_SEARCH_USER_PATHS = NO;
				CLANG_CXX_LANGUAGE_STANDARD = "gnu++0x";
				CLANG_CXX_LIBRARY = "libc++";
				CLANG_ENABLE_MODULES = YES;
				CLANG_ENABLE_OBJC_ARC = YES;
				CLANG_WARN_BOOL_CONVERSION = YES;
				CLANG_WARN_CONSTANT_CONVERSION = YES;
				CLANG_WARN_DIRECT_OBJC_ISA_USAGE = YES_ERROR;
				CLANG_WARN_EMPTY_BODY = YES;
				CLANG_WARN_ENUM_CONVERSION = YES;
				CLANG_WARN_INT_CONVERSION = YES;
				CLANG_WARN_OBJC_ROOT_CLASS = YES_ERROR;
				CLANG_WARN_UNREACHABLE_CODE = YES;
				CLANG_WARN__DUPLICATE_METHOD_MATCH = YES;
				"CODE_SIGN_IDENTITY[sdk=iphoneos*]" = "iPhone Developer";
				COPY_PHASE_STRIP = NO;
				DEBUG_INFORMATION_FORMAT = "dwarf-with-dsym";
				ENABLE_STRICT_OBJC_MSGSEND = YES;
				GCC_C_LANGUAGE_STANDARD = gnu99;
				GCC_DYNAMIC_NO_PIC = NO;
				GCC_NO_COMMON_BLOCKS = YES;
				GCC_OPTIMIZATION_LEVEL = 0;
				GCC_PREPROCESSOR_DEFINITIONS = (
					"DEBUG=1",
					"$(inherited)",
				);
				GCC_SYMBOLS_PRIVATE_EXTERN = NO;
				GCC_WARN_64_TO_32_BIT_CONVERSION = YES;
				GCC_WARN_ABOUT_RETURN_TYPE = YES_ERROR;
				GCC_WARN_UNDECLARED_SELECTOR = YES;
				GCC_WARN_UNINITIALIZED_AUTOS = YES_AGGRESSIVE;
				GCC_WARN_UNUSED_FUNCTION = YES;
				GCC_WARN_UNUSED_VARIABLE = YES;
				IPHONEOS_DEPLOYMENT_TARGET = 8.3;
				MTL_ENABLE_DEBUG_INFO = YES;
				ONLY_ACTIVE_ARCH = YES;
				SDKROOT = iphoneos;
				SWIFT_OPTIMIZATION_LEVEL = "-Onone";
				TARGETED_DEVICE_FAMILY = "1,2";
			};
			name = Debug;
		};
		D9A332061B1D74A8005E2FD1 /* Release */ = {
			isa = XCBuildConfiguration;
			buildSettings = {
				ALWAYS_SEARCH_USER_PATHS = NO;
				CLANG_CXX_LANGUAGE_STANDARD = "gnu++0x";
				CLANG_CXX_LIBRARY = "libc++";
				CLANG_ENABLE_MODULES = YES;
				CLANG_ENABLE_OBJC_ARC = YES;
				CLANG_WARN_BOOL_CONVERSION = YES;
				CLANG_WARN_CONSTANT_CONVERSION = YES;
				CLANG_WARN_DIRECT_OBJC_ISA_USAGE = YES_ERROR;
				CLANG_WARN_EMPTY_BODY = YES;
				CLANG_WARN_ENUM_CONVERSION = YES;
				CLANG_WARN_INT_CONVERSION = YES;
				CLANG_WARN_OBJC_ROOT_CLASS = YES_ERROR;
				CLANG_WARN_UNREACHABLE_CODE = YES;
				CLANG_WARN__DUPLICATE_METHOD_MATCH = YES;
				"CODE_SIGN_IDENTITY[sdk=iphoneos*]" = "iPhone Developer";
				COPY_PHASE_STRIP = NO;
				DEBUG_INFORMATION_FORMAT = "dwarf-with-dsym";
				ENABLE_NS_ASSERTIONS = NO;
				ENABLE_STRICT_OBJC_MSGSEND = YES;
				GCC_C_LANGUAGE_STANDARD = gnu99;
				GCC_NO_COMMON_BLOCKS = YES;
				GCC_WARN_64_TO_32_BIT_CONVERSION = YES;
				GCC_WARN_ABOUT_RETURN_TYPE = YES_ERROR;
				GCC_WARN_UNDECLARED_SELECTOR = YES;
				GCC_WARN_UNINITIALIZED_AUTOS = YES_AGGRESSIVE;
				GCC_WARN_UNUSED_FUNCTION = YES;
				GCC_WARN_UNUSED_VARIABLE = YES;
				IPHONEOS_DEPLOYMENT_TARGET = 8.3;
				MTL_ENABLE_DEBUG_INFO = NO;
				SDKROOT = iphoneos;
				TARGETED_DEVICE_FAMILY = "1,2";
				VALIDATE_PRODUCT = YES;
			};
			name = Release;
		};
		D9A332081B1D74A8005E2FD1 /* Debug */ = {
			isa = XCBuildConfiguration;
			baseConfigurationReference = F18C3D6DDBC750FBE81DF760 /* Pods.debug.xcconfig */;
			buildSettings = {
				ASSETCATALOG_COMPILER_APPICON_NAME = AppIcon;
				INFOPLIST_FILE = "Yebimom-iOS/Info.plist";
				LD_RUNPATH_SEARCH_PATHS = "$(inherited) @executable_path/Frameworks";
				PRODUCT_NAME = "$(TARGET_NAME)";
			};
			name = Debug;
		};
		D9A332091B1D74A8005E2FD1 /* Release */ = {
			isa = XCBuildConfiguration;
			baseConfigurationReference = EE85F1E416213D26275F6D1E /* Pods.release.xcconfig */;
			buildSettings = {
				ASSETCATALOG_COMPILER_APPICON_NAME = AppIcon;
				INFOPLIST_FILE = "Yebimom-iOS/Info.plist";
				LD_RUNPATH_SEARCH_PATHS = "$(inherited) @executable_path/Frameworks";
				PRODUCT_NAME = "$(TARGET_NAME)";
			};
			name = Release;
		};
		D9A3320B1B1D74A8005E2FD1 /* Debug */ = {
			isa = XCBuildConfiguration;
			baseConfigurationReference = F18C3D6DDBC750FBE81DF760 /* Pods.debug.xcconfig */;
			buildSettings = {
				BUNDLE_LOADER = "$(TEST_HOST)";
				FRAMEWORK_SEARCH_PATHS = (
					"$(SDKROOT)/Developer/Library/Frameworks",
					"$(inherited)",
				);
				GCC_PREPROCESSOR_DEFINITIONS = (
					"DEBUG=1",
					"$(inherited)",
				);
				INFOPLIST_FILE = "Yebimom-iOSTests/Info.plist";
				LD_RUNPATH_SEARCH_PATHS = "$(inherited) @executable_path/Frameworks @loader_path/Frameworks";
				PRODUCT_NAME = "$(TARGET_NAME)";
				TEST_HOST = "$(BUILT_PRODUCTS_DIR)/Yebimom-iOS.app/Yebimom-iOS";
			};
			name = Debug;
		};
		D9A3320C1B1D74A8005E2FD1 /* Release */ = {
			isa = XCBuildConfiguration;
			baseConfigurationReference = EE85F1E416213D26275F6D1E /* Pods.release.xcconfig */;
			buildSettings = {
				BUNDLE_LOADER = "$(TEST_HOST)";
				FRAMEWORK_SEARCH_PATHS = (
					"$(SDKROOT)/Developer/Library/Frameworks",
					"$(inherited)",
				);
				INFOPLIST_FILE = "Yebimom-iOSTests/Info.plist";
				LD_RUNPATH_SEARCH_PATHS = "$(inherited) @executable_path/Frameworks @loader_path/Frameworks";
				PRODUCT_NAME = "$(TARGET_NAME)";
				TEST_HOST = "$(BUILT_PRODUCTS_DIR)/Yebimom-iOS.app/Yebimom-iOS";
			};
			name = Release;
		};
/* End XCBuildConfiguration section */

/* Begin XCConfigurationList section */
		D9A331E31B1D74A8005E2FD1 /* Build configuration list for PBXProject "Yebimom-iOS" */ = {
			isa = XCConfigurationList;
			buildConfigurations = (
				D9A332051B1D74A8005E2FD1 /* Debug */,
				D9A332061B1D74A8005E2FD1 /* Release */,
			);
			defaultConfigurationIsVisible = 0;
			defaultConfigurationName = Release;
		};
		D9A332071B1D74A8005E2FD1 /* Build configuration list for PBXNativeTarget "Yebimom-iOS" */ = {
			isa = XCConfigurationList;
			buildConfigurations = (
				D9A332081B1D74A8005E2FD1 /* Debug */,
				D9A332091B1D74A8005E2FD1 /* Release */,
			);
			defaultConfigurationIsVisible = 0;
			defaultConfigurationName = Release;
		};
		D9A3320A1B1D74A8005E2FD1 /* Build configuration list for PBXNativeTarget "Yebimom-iOSTests" */ = {
			isa = XCConfigurationList;
			buildConfigurations = (
				D9A3320B1B1D74A8005E2FD1 /* Debug */,
				D9A3320C1B1D74A8005E2FD1 /* Release */,
			);
			defaultConfigurationIsVisible = 0;
			defaultConfigurationName = Release;
		};
/* End XCConfigurationList section */
	};
	rootObject = D9A331E01B1D74A8005E2FD1 /* Project object */;
}
